Microsoft Visual Studio Solution File, Format Version 12.00
# Visual Studio Version 17
VisualStudioVersion = 17.5.2.0
MinimumVisualStudioVersion = 10.0.40219.1
Project("{FAE04EC0-301F-11D3-BF4B-00C04F79EFBC}") = "PizzaApi", "PizzaApi.csproj", "{A0921B04-ABE8-FA3D-01EE-72198F1F76C0}"
EndProject
Global
	GlobalSection(SolutionConfigurationPlatforms) = preSolution
		Debug|Any CPU = Debug|Any CPU
		Release|Any CPU = Release|Any CPU
	EndGlobalSection
	GlobalSection(ProjectConfigurationPlatforms) = postSolution
		{A0921B04-ABE8-FA3D-01EE-72198F1F76C0}.Debug|Any CPU.ActiveCfg = Debug|Any CPU
		{A0921B04-ABE8-FA3D-01EE-72198F1F76C0}.Debug|Any CPU.Build.0 = Debug|Any CPU
		{A0921B04-ABE8-FA3D-01EE-72198F1F76C0}.Release|Any CPU.ActiveCfg = Release|Any CPU
		{A0921B04-ABE8-FA3D-01EE-72198F1F76C0}.Release|Any CPU.Build.0 = Release|Any CPU
	EndGlobalSection
	GlobalSection(SolutionProperties) = preSolution
		HideSolutionNode = FALSE
	EndGlobalSection
	GlobalSection(ExtensibilityGlobals) = postSolution
		SolutionGuid = {B00B0DFE-71B9-4219-B563-95C38E50BE0E}
	EndGlobalSection
EndGlobal
